
Microsoft Visual Studio Solution File, Format Version 12.00
# Visual Studio Version 16
VisualStudioVersion = 16.0.29519.181
MinimumVisualStudioVersion = 10.0.40219.1
Project("{9A19103F-16F7-4668-BE54-9A1E7A4F7556}") = "SD_15_JOINING_INTS", "SD_15_JOINING_INTS.csproj", "{AFA8793B-7A21-4ADB-AD58-F4C12021A0A8}"
EndProject
Project("{9A19103F-16F7-4668-BE54-9A1E7A4F7556}") = "Tests", "..\Tests\Tests.csproj", "{4505E653-E138-4859-ADBF-253485644C51}"
EndProject
Global
	GlobalSection(SolutionConfigurationPlatforms) = preSolution
		Debug|Any CPU = Debug|Any CPU
		Release|Any CPU = Release|Any CPU
	EndGlobalSection
	GlobalSection(ProjectConfigurationPlatforms) = postSolution
		{AFA8793B-7A21-4ADB-AD58-F4C12021A0A8}.Debug|Any CPU.ActiveCfg = Debug|Any CPU
		{AFA8793B-7A21-4ADB-AD58-F4C12021A0A8}.Debug|Any CPU.Build.0 = Debug|Any CPU
		{AFA8793B-7A21-4ADB-AD58-F4C12021A0A8}.Release|Any CPU.ActiveCfg = Release|Any CPU
		{AFA8793B-7A21-4ADB-AD58-F4C12021A0A8}.Release|Any CPU.Build.0 = Release|Any CPU
		{4505E653-E138-4859-ADBF-253485644C51}.Debug|Any CPU.ActiveCfg = Debug|Any CPU
		{4505E653-E138-4859-ADBF-253485644C51}.Debug|Any CPU.Build.0 = Debug|Any CPU
		{4505E653-E138-4859-ADBF-253485644C51}.Release|Any CPU.ActiveCfg = Release|Any CPU
		{4505E653-E138-4859-ADBF-253485644C51}.Release|Any CPU.Build.0 = Release|Any CPU
	EndGlobalSection
	GlobalSection(SolutionProperties) = preSolution
		HideSolutionNode = FALSE
	EndGlobalSection
	GlobalSection(ExtensibilityGlobals) = postSolution
		SolutionGuid = {96067314-71DF-4602-B5B1-DA6C39E45391}
	EndGlobalSection
EndGlobal
